
Microsoft Visual Studio Solution File, Format Version 12.00
# Visual Studio Version 17
VisualStudioVersion = 17.4.33213.308
MinimumVisualStudioVersion = 10.0.40219.1
Project("{9A19103F-16F7-4668-BE54-9A1E7A4F7556}") = "Customers.Api", "Customers.Api\Customers.Api.csproj", "{4715C01A-7F44-494A-87FB-6DF6C8F5CCB1}"
EndProject
Global
	GlobalSection(SolutionConfigurationPlatforms) = preSolution
		Debug|Any CPU = Debug|Any CPU
		Release|Any CPU = Release|Any CPU
	EndGlobalSection
	GlobalSection(ProjectConfigurationPlatforms) = postSolution
		{4715C01A-7F44-494A-87FB-6DF6C8F5CCB1}.Debug|Any CPU.ActiveCfg = Debug|Any CPU
		{4715C01A-7F44-494A-87FB-6DF6C8F5CCB1}.Debug|Any CPU.Build.0 = Debug|Any CPU
		{4715C01A-7F44-494A-87FB-6DF6C8F5CCB1}.Release|Any CPU.ActiveCfg = Release|Any CPU
		{4715C01A-7F44-494A-87FB-6DF6C8F5CCB1}.Release|Any CPU.Build.0 = Release|Any CPU
	EndGlobalSection
	GlobalSection(SolutionProperties) = preSolution
		HideSolutionNode = FALSE
	EndGlobalSection
	GlobalSection(ExtensibilityGlobals) = postSolution
		SolutionGuid = {B3532800-012E-4824-BB53-183674832448}
	EndGlobalSection
EndGlobal
